
Microsoft Visual Studio Solution File, Format Version 12.00
# Visual Studio Version 16
VisualStudioVersion = 16.0.29418.71
MinimumVisualStudioVersion = 10.0.40219.1
Project("{FAE04EC0-301F-11D3-BF4B-00C04F79EFBC}") = "mvc5ecommerce", "mvc5ecommerce\mvc5ecommerce.csproj", "{77E0A0A6-ECC7-429B-85BA-65DF6BF24740}"
EndProject
Global
	GlobalSection(SolutionConfigurationPlatforms) = preSolution
		Debug|Any CPU = Debug|Any CPU
		Release|Any CPU = Release|Any CPU
	EndGlobalSection
	GlobalSection(ProjectConfigurationPlatforms) = postSolution
		{77E0A0A6-ECC7-429B-85BA-65DF6BF24740}.Debug|Any CPU.ActiveCfg = Debug|Any CPU
		{77E0A0A6-ECC7-429B-85BA-65DF6BF24740}.Debug|Any CPU.Build.0 = Debug|Any CPU
		{77E0A0A6-ECC7-429B-85BA-65DF6BF24740}.Release|Any CPU.ActiveCfg = Release|Any CPU
		{77E0A0A6-ECC7-429B-85BA-65DF6BF24740}.Release|Any CPU.Build.0 = Release|Any CPU
	EndGlobalSection
	GlobalSection(SolutionProperties) = preSolution
		HideSolutionNode = FALSE
	EndGlobalSection
	GlobalSection(ExtensibilityGlobals) = postSolution
		SolutionGuid = {E9F01D0E-9BE5-40CE-99EE-86B32037E2D7}
	EndGlobalSection
EndGlobal
